
Microsoft Visual Studio Solution File, Format Version 12.00
# Visual Studio 15
VisualStudioVersion = 15.0.26124.0
MinimumVisualStudioVersion = 15.0.26124.0
Project("{2150E333-8FDC-42A3-9474-1A3956D46DE8}") = "source", "source", "{7A938692-BA54-44BE-97AC-18508D5791B0}"
EndProject
Project("{2150E333-8FDC-42A3-9474-1A3956D46DE8}") = "Domain", "Domain", "{3A8EFD8B-20EB-40DF-96F7-6412BDD7DDF8}"
EndProject
Project("{FAE04EC0-301F-11D3-BF4B-00C04F79EFBC}") = "Reminder.Domain", "source\Domain\Reminder.Domain\Reminder.Domain.csproj", "{A565EEA8-96A5-4563-9E1B-AF68274E118E}"
EndProject
Project("{2150E333-8FDC-42A3-9474-1A3956D46DE8}") = "Presentation", "Presentation", "{A33A6C7F-D9E7-4A35-9BE9-4BDAF5E55818}"
EndProject
Project("{FAE04EC0-301F-11D3-BF4B-00C04F79EFBC}") = "Reminder.Presentation.Api", "source\Presentation\Reminder.Presentation.Api\Reminder.Presentation.Api.csproj", "{1BF2AE9C-92E1-4A3B-ADE4-D90DECCA9305}"
EndProject
Project("{2150E333-8FDC-42A3-9474-1A3956D46DE8}") = "Application", "Application", "{BA446A62-FCD1-4325-8369-AF00AA2BDAF8}"
EndProject
Project("{FAE04EC0-301F-11D3-BF4B-00C04F79EFBC}") = "Reminder.Application.Service", "source\Application\Reminder.Application.Service\Reminder.Application.Service.csproj", "{709D40EE-8F2D-4545-82CA-F830675768A3}"
EndProject
Project("{2150E333-8FDC-42A3-9474-1A3956D46DE8}") = "Infra", "Infra", "{385FD848-AA77-4531-9840-BA9E9D6A341B}"
EndProject
Project("{2150E333-8FDC-42A3-9474-1A3956D46DE8}") = "CrossCutting", "CrossCutting", "{FD9FD410-7790-4F3A-B7BD-C2A60515FB38}"
EndProject
Project("{FAE04EC0-301F-11D3-BF4B-00C04F79EFBC}") = "Reminder.Infra.CrossCutting", "source\Infra\CrossCutting\Reminder.Infra.CrossCutting\Reminder.Infra.CrossCutting.csproj", "{1A566B47-0969-43C7-BCA4-5E3B696298F6}"
EndProject
Global
	GlobalSection(SolutionConfigurationPlatforms) = preSolution
		Debug|Any CPU = Debug|Any CPU
		Debug|x64 = Debug|x64
		Debug|x86 = Debug|x86
		Release|Any CPU = Release|Any CPU
		Release|x64 = Release|x64
		Release|x86 = Release|x86
	EndGlobalSection
	GlobalSection(SolutionProperties) = preSolution
		HideSolutionNode = FALSE
	EndGlobalSection
	GlobalSection(ProjectConfigurationPlatforms) = postSolution
		{A565EEA8-96A5-4563-9E1B-AF68274E118E}.Debug|Any CPU.ActiveCfg = Debug|Any CPU
		{A565EEA8-96A5-4563-9E1B-AF68274E118E}.Debug|Any CPU.Build.0 = Debug|Any CPU
		{A565EEA8-96A5-4563-9E1B-AF68274E118E}.Debug|x64.ActiveCfg = Debug|x64
		{A565EEA8-96A5-4563-9E1B-AF68274E118E}.Debug|x64.Build.0 = Debug|x64
		{A565EEA8-96A5-4563-9E1B-AF68274E118E}.Debug|x86.ActiveCfg = Debug|x86
		{A565EEA8-96A5-4563-9E1B-AF68274E118E}.Debug|x86.Build.0 = Debug|x86
		{A565EEA8-96A5-4563-9E1B-AF68274E118E}.Release|Any CPU.ActiveCfg = Release|Any CPU
		{A565EEA8-96A5-4563-9E1B-AF68274E118E}.Release|Any CPU.Build.0 = Release|Any CPU
		{A565EEA8-96A5-4563-9E1B-AF68274E118E}.Release|x64.ActiveCfg = Release|x64
		{A565EEA8-96A5-4563-9E1B-AF68274E118E}.Release|x64.Build.0 = Release|x64
		{A565EEA8-96A5-4563-9E1B-AF68274E118E}.Release|x86.ActiveCfg = Release|x86
		{A565EEA8-96A5-4563-9E1B-AF68274E118E}.Release|x86.Build.0 = Release|x86
		{1BF2AE9C-92E1-4A3B-ADE4-D90DECCA9305}.Debug|Any CPU.ActiveCfg = Debug|Any CPU
		{1BF2AE9C-92E1-4A3B-ADE4-D90DECCA9305}.Debug|Any CPU.Build.0 = Debug|Any CPU
		{1BF2AE9C-92E1-4A3B-ADE4-D90DECCA9305}.Debug|x64.ActiveCfg = Debug|x64
		{1BF2AE9C-92E1-4A3B-ADE4-D90DECCA9305}.Debug|x64.Build.0 = Debug|x64
		{1BF2AE9C-92E1-4A3B-ADE4-D90DECCA9305}.Debug|x86.ActiveCfg = Debug|x86
		{1BF2AE9C-92E1-4A3B-ADE4-D90DECCA9305}.Debug|x86.Build.0 = Debug|x86
		{1BF2AE9C-92E1-4A3B-ADE4-D90DECCA9305}.Release|Any CPU.ActiveCfg = Release|Any CPU
		{1BF2AE9C-92E1-4A3B-ADE4-D90DECCA9305}.Release|Any CPU.Build.0 = Release|Any CPU
		{1BF2AE9C-92E1-4A3B-ADE4-D90DECCA9305}.Release|x64.ActiveCfg = Release|x64
		{1BF2AE9C-92E1-4A3B-ADE4-D90DECCA9305}.Release|x64.Build.0 = Release|x64
		{1BF2AE9C-92E1-4A3B-ADE4-D90DECCA9305}.Release|x86.ActiveCfg = Release|x86
		{1BF2AE9C-92E1-4A3B-ADE4-D90DECCA9305}.Release|x86.Build.0 = Release|x86
		{709D40EE-8F2D-4545-82CA-F830675768A3}.Debug|Any CPU.ActiveCfg = Debug|Any CPU
		{709D40EE-8F2D-4545-82CA-F830675768A3}.Debug|Any CPU.Build.0 = Debug|Any CPU
		{709D40EE-8F2D-4545-82CA-F830675768A3}.Debug|x64.ActiveCfg = Debug|x64
		{709D40EE-8F2D-4545-82CA-F830675768A3}.Debug|x64.Build.0 = Debug|x64
		{709D40EE-8F2D-4545-82CA-F830675768A3}.Debug|x86.ActiveCfg = Debug|x86
		{709D40EE-8F2D-4545-82CA-F830675768A3}.Debug|x86.Build.0 = Debug|x86
		{709D40EE-8F2D-4545-82CA-F830675768A3}.Release|Any CPU.ActiveCfg = Release|Any CPU
		{709D40EE-8F2D-4545-82CA-F830675768A3}.Release|Any CPU.Build.0 = Release|Any CPU
		{709D40EE-8F2D-4545-82CA-F830675768A3}.Release|x64.ActiveCfg = Release|x64
		{709D40EE-8F2D-4545-82CA-F830675768A3}.Release|x64.Build.0 = Release|x64
		{709D40EE-8F2D-4545-82CA-F830675768A3}.Release|x86.ActiveCfg = Release|x86
		{709D40EE-8F2D-4545-82CA-F830675768A3}.Release|x86.Build.0 = Release|x86
		{1A566B47-0969-43C7-BCA4-5E3B696298F6}.Debug|Any CPU.ActiveCfg = Debug|Any CPU
		{1A566B47-0969-43C7-BCA4-5E3B696298F6}.Debug|Any CPU.Build.0 = Debug|Any CPU
		{1A566B47-0969-43C7-BCA4-5E3B696298F6}.Debug|x64.ActiveCfg = Debug|x64
		{1A566B47-0969-43C7-BCA4-5E3B696298F6}.Debug|x64.Build.0 = Debug|x64
		{1A566B47-0969-43C7-BCA4-5E3B696298F6}.Debug|x86.ActiveCfg = Debug|x86
		{1A566B47-0969-43C7-BCA4-5E3B696298F6}.Debug|x86.Build.0 = Debug|x86
		{1A566B47-0969-43C7-BCA4-5E3B696298F6}.Release|Any CPU.ActiveCfg = Release|Any CPU
		{1A566B47-0969-43C7-BCA4-5E3B696298F6}.Release|Any CPU.Build.0 = Release|Any CPU
		{1A566B47-0969-43C7-BCA4-5E3B696298F6}.Release|x64.ActiveCfg = Release|x64
		{1A566B47-0969-43C7-BCA4-5E3B696298F6}.Release|x64.Build.0 = Release|x64
		{1A566B47-0969-43C7-BCA4-5E3B696298F6}.Release|x86.ActiveCfg = Release|x86
		{1A566B47-0969-43C7-BCA4-5E3B696298F6}.Release|x86.Build.0 = Release|x86
	EndGlobalSection
	GlobalSection(NestedProjects) = preSolution
		{3A8EFD8B-20EB-40DF-96F7-6412BDD7DDF8} = {7A938692-BA54-44BE-97AC-18508D5791B0}
		{A565EEA8-96A5-4563-9E1B-AF68274E118E} = {3A8EFD8B-20EB-40DF-96F7-6412BDD7DDF8}
		{A33A6C7F-D9E7-4A35-9BE9-4BDAF5E55818} = {7A938692-BA54-44BE-97AC-18508D5791B0}
		{1BF2AE9C-92E1-4A3B-ADE4-D90DECCA9305} = {A33A6C7F-D9E7-4A35-9BE9-4BDAF5E55818}
		{BA446A62-FCD1-4325-8369-AF00AA2BDAF8} = {7A938692-BA54-44BE-97AC-18508D5791B0}
		{709D40EE-8F2D-4545-82CA-F830675768A3} = {BA446A62-FCD1-4325-8369-AF00AA2BDAF8}
		{385FD848-AA77-4531-9840-BA9E9D6A341B} = {7A938692-BA54-44BE-97AC-18508D5791B0}
		{FD9FD410-7790-4F3A-B7BD-C2A60515FB38} = {385FD848-AA77-4531-9840-BA9E9D6A341B}
		{1A566B47-0969-43C7-BCA4-5E3B696298F6} = {FD9FD410-7790-4F3A-B7BD-C2A60515FB38}
	EndGlobalSection
EndGlobal
